{
  "object": {
    "pins": [
      {
        "package": "Datadog",
        "repositoryURL": "https://github.com/Datadog/dd-sdk-ios.git",
        "state": {
          "branch": null,
          "revision": "88bcfc1d9503e8b6e27ac886ddbf0542c7aec8e3",
          "version": "1.6.0"
        }
      },
      {
        "package": "Kronos",
        "repositoryURL": "https://github.com/lyft/Kronos.git",
        "state": {
          "branch": null,
          "revision": "b7f54653a8bb503f42b59ab3160eb11f333b9d3f",
          "version": "4.2.1"
        }
      }
    ]
  },
  "version": 1
}
